<?xml version="1.0" encoding="utf-8"?>
<Project ToolsVersion="4.0" xmlns="http://schemas.microsoft.com/developer/msbuild/2003">
  <ItemGroup>
    <ClCompile Include="thirdparty\glad\glad.c">
      <Filter>thirdparty\glad</Filter>
    </ClCompile>
    <ClCompile Include="exports_common.cpp">
      <Filter>exports</Filter>
    </ClCompile>
    <ClCompile Include="exports_graphics.cpp">
      <Filter>exports</Filter>
    </ClCompile>
    <ClCompile Include="pch.cpp">
      <Filter>common</Filter>
    </ClCompile>
    <ClCompile Include="thirdparty\glad\glad_wgl.c">
      <Filter>thirdparty\glad</Filter>
    </ClCompile>
    <ClCompile Include="thirdparty\headonly_impl.cpp">
      <Filter>thirdparty</Filter>
    </ClCompile>
    <ClCompile Include="exports_msgloop.cpp">
      <Filter>exports</Filter>
    </ClCompile>
    <ClCompile Include="gl_debug_callback.cpp">
      <Filter>exports</Filter>
    </ClCompile>
  </ItemGroup>
  <ItemGroup>
    <ClInclude Include="thirdparty\glad\glad.h">
      <Filter>thirdparty\glad</Filter>
    </ClInclude>
    <ClInclude Include="thirdparty\glad\khrplatform.h">
      <Filter>thirdparty\glad</Filter>
    </ClInclude>
    <ClInclude Include="exports.h">
      <Filter>exports</Filter>
    </ClInclude>
    <ClInclude Include="enums.h">
      <Filter>common</Filter>
    </ClInclude>
    <ClInclude Include="pch.h">
      <Filter>common</Filter>
    </ClInclude>
    <ClInclude Include="thirdparty\glad\glad_wgl.h">
      <Filter>thirdparty\glad</Filter>
    </ClInclude>
    <ClInclude Include="thirdparty\stb_image.h">
      <Filter>thirdparty</Filter>
    </ClInclude>
    <ClInclude Include="key_map.h">
      <Filter>common</Filter>
    </ClInclude>
  </ItemGroup>
  <ItemGroup>
    <Filter Include="exports">
      <UniqueIdentifier>{d00f9a0e-dda9-47f4-8668-3d036ce42790}</UniqueIdentifier>
    </Filter>
    <Filter Include="common">
      <UniqueIdentifier>{9d56a1fc-417a-40ee-ac5a-0b82576dee15}</UniqueIdentifier>
    </Filter>
    <Filter Include="thirdparty">
      <UniqueIdentifier>{a0f6055f-5ad5-4a8e-9cbf-d43c6556b264}</UniqueIdentifier>
    </Filter>
    <Filter Include="thirdparty\glad">
      <UniqueIdentifier>{561bf0b0-9f1d-41d2-9a95-9aa2c95d339c}</UniqueIdentifier>
    </Filter>
  </ItemGroup>
</Project>